// !$*UTF8*$!
{
	archiveVersion = 1;
	classes = {
	};
	objectVersion = 46;
	objects = {

/* Begin PBXBuildFile section */
		6C1CEBC31BC5B5F9006532F4 /* AppDelegate.swift in Sources */ = {isa = PBXBuildFile; fileRef = 6C1CEBC21BC5B5F9006532F4 /* AppDelegate.swift */; };
		6C1CEBC51BC5B5F9006532F4 /* ViewController.swift in Sources */ = {isa = PBXBuildFile; fileRef = 6C1CEBC41BC5B5F9006532F4 /* ViewController.swift */; };
		6C1CEBC81BC5B5F9006532F4 /* Main.storyboard in Resources */ = {isa = PBXBuildFile; fileRef = 6C1CEBC61BC5B5F9006532F4 /* Main.storyboard */; };
		6C1CEBCA1BC5B5F9006532F4 /* Images.xcassets in Resources */ = {isa = PBXBuildFile; fileRef = 6C1CEBC91BC5B5F9006532F4 /* Images.xcassets */; };
		6C1CEBCD1BC5B5F9006532F4 /* LaunchScreen.xib in Resources */ = {isa = PBXBuildFile; fileRef = 6C1CEBCB1BC5B5F9006532F4 /* LaunchScreen.xib */; };
		6C1CEBD91BC5B5F9006532F4 /* StormyTests.swift in Sources */ = {isa = PBXBuildFile; fileRef = 6C1CEBD81BC5B5F9006532F4 /* StormyTests.swift */; };
		6C75C91C1BC98F32008745D0 /* CurrentWeather.plist in Resources */ = {isa = PBXBuildFile; fileRef = 6C75C91B1BC98F31008745D0 /* CurrentWeather.plist */; };
		6C75C91E1BC9951E008745D0 /* CurrentWeather.swift in Sources */ = {isa = PBXBuildFile; fileRef = 6C75C91D1BC9951E008745D0 /* CurrentWeather.swift */; };
/* End PBXBuildFile section */

/* Begin PBXContainerItemProxy section */
		6C1CEBD31BC5B5F9006532F4 /* PBXContainerItemProxy */ = {
			isa = PBXContainerItemProxy;
			containerPortal = 6C1CEBB51BC5B5F9006532F4 /* Project object */;
			proxyType = 1;
			remoteGlobalIDString = 6C1CEBBC1BC5B5F9006532F4;
			remoteInfo = Stormy;
		};
/* End PBXContainerItemProxy section */

/* Begin PBXFileReference section */
		6C1CEBBD1BC5B5F9006532F4 /* Stormy.app */ = {isa = PBXFileReference; explicitFileType = wrapper.application; includeInIndex = 0; path = Stormy.app; sourceTree = BUILT_PRODUCTS_DIR; };
		6C1CEBC11BC5B5F9006532F4 /* Info.plist */ = {isa = PBXFileReference; lastKnownFileType = text.plist.xml; path = Info.plist; sourceTree = "<group>"; };
		6C1CEBC21BC5B5F9006532F4 /* AppDelegate.swift */ = {isa = PBXFileReference; lastKnownFileType = sourcecode.swift; path = AppDelegate.swift; sourceTree = "<group>"; };
		6C1CEBC41BC5B5F9006532F4 /* ViewController.swift */ = {isa = PBXFileReference; lastKnownFileType = sourcecode.swift; path = ViewController.swift; sourceTree = "<group>"; };
		6C1CEBC71BC5B5F9006532F4 /* Base */ = {isa = PBXFileReference; lastKnownFileType = file.storyboard; name = Base; path = Base.lproj/Main.storyboard; sourceTree = "<group>"; };
		6C1CEBC91BC5B5F9006532F4 /* Images.xcassets */ = {isa = PBXFileReference; lastKnownFileType = folder.assetcatalog; path = Images.xcassets; sourceTree = "<group>"; };
		6C1CEBCC1BC5B5F9006532F4 /* Base */ = {isa = PBXFileReference; lastKnownFileType = file.xib; name = Base; path = Base.lproj/LaunchScreen.xib; sourceTree = "<group>"; };
		6C1CEBD21BC5B5F9006532F4 /* StormyTests.xctest */ = {isa = PBXFileReference; explicitFileType = wrapper.cfbundle; includeInIndex = 0; path = StormyTests.xctest; sourceTree = BUILT_PRODUCTS_DIR; };
		6C1CEBD71BC5B5F9006532F4 /* Info.plist */ = {isa = PBXFileReference; lastKnownFileType = text.plist.xml; path = Info.plist; sourceTree = "<group>"; };
		6C1CEBD81BC5B5F9006532F4 /* StormyTests.swift */ = {isa = PBXFileReference; lastKnownFileType = sourcecode.swift; path = StormyTests.swift; sourceTree = "<group>"; };
		6C75C91B1BC98F31008745D0 /* CurrentWeather.plist */ = {isa = PBXFileReference; fileEncoding = 4; lastKnownFileType = text.plist.xml; path = CurrentWeather.plist; sourceTree = "<group>"; };
		6C75C91D1BC9951E008745D0 /* CurrentWeather.swift */ = {isa = PBXFileReference; fileEncoding = 4; lastKnownFileType = sourcecode.swift; path = CurrentWeather.swift; sourceTree = "<group>"; };
/* End PBXFileReference section */

/* Begin PBXFrameworksBuildPhase section */
		6C1CEBBA1BC5B5F9006532F4 /* Frameworks */ = {
			isa = PBXFrameworksBuildPhase;
			buildActionMask = 2147483647;
			files = (
			);
			runOnlyForDeploymentPostprocessing = 0;
		};
		6C1CEBCF1BC5B5F9006532F4 /* Frameworks */ = {
			isa = PBXFrameworksBuildPhase;
			buildActionMask = 2147483647;
			files = (
			);
			runOnlyForDeploymentPostprocessing = 0;
		};
/* End PBXFrameworksBuildPhase section */

/* Begin PBXGroup section */
		6C1CEBB41BC5B5F9006532F4 = {
			isa = PBXGroup;
			children = (
				6C1CEBBF1BC5B5F9006532F4 /* Stormy */,
				6C1CEBD51BC5B5F9006532F4 /* StormyTests */,
				6C1CEBBE1BC5B5F9006532F4 /* Products */,
			);
			sourceTree = "<group>";
		};
		6C1CEBBE1BC5B5F9006532F4 /* Products */ = {
			isa = PBXGroup;
			children = (
				6C1CEBBD1BC5B5F9006532F4 /* Stormy.app */,
				6C1CEBD21BC5B5F9006532F4 /* StormyTests.xctest */,
			);
			name = Products;
			sourceTree = "<group>";
		};
		6C1CEBBF1BC5B5F9006532F4 /* Stormy */ = {
			isa = PBXGroup;
			children = (
				6C1CEBC21BC5B5F9006532F4 /* AppDelegate.swift */,
				6C75C91D1BC9951E008745D0 /* CurrentWeather.swift */,
				6C1CEBC41BC5B5F9006532F4 /* ViewController.swift */,
				6C1CEBC61BC5B5F9006532F4 /* Main.storyboard */,
				6C1CEBC91BC5B5F9006532F4 /* Images.xcassets */,
				6C1CEBCB1BC5B5F9006532F4 /* LaunchScreen.xib */,
				6C1CEBC01BC5B5F9006532F4 /* Supporting Files */,
			);
			path = Stormy;
			sourceTree = "<group>";
		};
		6C1CEBC01BC5B5F9006532F4 /* Supporting Files */ = {
			isa = PBXGroup;
			children = (
				6C1CEBC11BC5B5F9006532F4 /* Info.plist */,
				6C75C91B1BC98F31008745D0 /* CurrentWeather.plist */,
			);
			name = "Supporting Files";
			sourceTree = "<group>";
		};
		6C1CEBD51BC5B5F9006532F4 /* StormyTests */ = {
			isa = PBXGroup;
			children = (
				6C1CEBD81BC5B5F9006532F4 /* StormyTests.swift */,
				6C1CEBD61BC5B5F9006532F4 /* Supporting Files */,
			);
			path = StormyTests;
			sourceTree = "<group>";
		};
		6C1CEBD61BC5B5F9006532F4 /* Supporting Files */ = {
			isa = PBXGroup;
			children = (
				6C1CEBD71BC5B5F9006532F4 /* Info.plist */,
			);
			name = "Supporting Files";
			sourceTree = "<group>";
		};
/* End PBXGroup section */

/* Begin PBXNativeTarget section */
		6C1CEBBC1BC5B5F9006532F4 /* Stormy */ = {
			isa = PBXNativeTarget;
			buildConfigurationList = 6C1CEBDC1BC5B5F9006532F4 /* Build configuration list for PBXNativeTarget "Stormy" */;
			buildPhases = (
				6C1CEBB91BC5B5F9006532F4 /* Sources */,
				6C1CEBBA1BC5B5F9006532F4 /* Frameworks */,
				6C1CEBBB1BC5B5F9006532F4 /* Resources */,
			);
			buildRules = (
			);
			dependencies = (
			);
			name = Stormy;
			productName = Stormy;
			productReference = 6C1CEBBD1BC5B5F9006532F4 /* Stormy.app */;
			productType = "com.apple.product-type.application";
		};
		6C1CEBD11BC5B5F9006532F4 /* StormyTests */ = {
			isa = PBXNativeTarget;
			buildConfigurationList = 6C1CEBDF1BC5B5F9006532F4 /* Build configuration list for PBXNativeTarget "StormyTests" */;
			buildPhases = (
				6C1CEBCE1BC5B5F9006532F4 /* Sources */,
				6C1CEBCF1BC5B5F9006532F4 /* Frameworks */,
				6C1CEBD01BC5B5F9006532F4 /* Resources */,
			);
			buildRules = (
			);
			dependencies = (
				6C1CEBD41BC5B5F9006532F4 /* PBXTargetDependency */,
			);
			name = StormyTests;
			productName = StormyTests;
			productReference = 6C1CEBD21BC5B5F9006532F4 /* StormyTests.xctest */;
			productType = "com.apple.product-type.bundle.unit-test";
		};
/* End PBXNativeTarget section */

/* Begin PBXProject section */
		6C1CEBB51BC5B5F9006532F4 /* Project object */ = {
			isa = PBXProject;
			attributes = {
				LastUpgradeCheck = 0640;
				ORGANIZATIONNAME = "Alex Cevallos";
				TargetAttributes = {
					6C1CEBBC1BC5B5F9006532F4 = {
						CreatedOnToolsVersion = 6.4;
					};
					6C1CEBD11BC5B5F9006532F4 = {
						CreatedOnToolsVersion = 6.4;
						TestTargetID = 6C1CEBBC1BC5B5F9006532F4;
					};
				};
			};
			buildConfigurationList = 6C1CEBB81BC5B5F9006532F4 /* Build configuration list for PBXProject "Stormy" */;
			compatibilityVersion = "Xcode 3.2";
			developmentRegion = English;
			hasScannedForEncodings = 0;
			knownRegions = (
				en,
				Base,
			);
			mainGroup = 6C1CEBB41BC5B5F9006532F4;
			productRefGroup = 6C1CEBBE1BC5B5F9006532F4 /* Products */;
			projectDirPath = "";
			projectRoot = "";
			targets = (
				6C1CEBBC1BC5B5F9006532F4 /* Stormy */,
				6C1CEBD11BC5B5F9006532F4 /* StormyTests */,
			);
		};
/* End PBXProject section */

/* Begin PBXResourcesBuildPhase section */
		6C1CEBBB1BC5B5F9006532F4 /* Resources */ = {
			isa = PBXResourcesBuildPhase;
			buildActionMask = 2147483647;
			files = (
				6C1CEBC81BC5B5F9006532F4 /* Main.storyboard in Resources */,
				6C1CEBCD1BC5B5F9006532F4 /* LaunchScreen.xib in Resources */,
				6C75C91C1BC98F32008745D0 /* CurrentWeather.plist in Resources */,
				6C1CEBCA1BC5B5F9006532F4 /* Images.xcassets in Resources */,
			);
			runOnlyForDeploymentPostprocessing = 0;
		};
		6C1CEBD01BC5B5F9006532F4 /* Resources */ = {
			isa = PBXResourcesBuildPhase;
			buildActionMask = 2147483647;
			files = (
			);
			runOnlyForDeploymentPostprocessing = 0;
		};
/* End PBXResourcesBuildPhase section */

/* Begin PBXSourcesBuildPhase section */
		6C1CEBB91BC5B5F9006532F4 /* Sources */ = {
			isa = PBXSourcesBuildPhase;
			buildActionMask = 2147483647;
			files = (
				6C1CEBC51BC5B5F9006532F4 /* ViewController.swift in Sources */,
				6C75C91E1BC9951E008745D0 /* CurrentWeather.swift in Sources */,
				6C1CEBC31BC5B5F9006532F4 /* AppDelegate.swift in Sources */,
			);
			runOnlyForDeploymentPostprocessing = 0;
		};
		6C1CEBCE1BC5B5F9006532F4 /* Sources */ = {
			isa = PBXSourcesBuildPhase;
			buildActionMask = 2147483647;
			files = (
				6C1CEBD91BC5B5F9006532F4 /* StormyTests.swift in Sources */,
			);
			runOnlyForDeploymentPostprocessing = 0;
		};
/* End PBXSourcesBuildPhase section */

/* Begin PBXTargetDependency section */
		6C1CEBD41BC5B5F9006532F4 /* PBXTargetDependency */ = {
			isa = PBXTargetDependency;
			target = 6C1CEBBC1BC5B5F9006532F4 /* Stormy */;
			targetProxy = 6C1CEBD31BC5B5F9006532F4 /* PBXContainerItemProxy */;
		};
/* End PBXTargetDependency section */

/* Begin PBXVariantGroup section */
		6C1CEBC61BC5B5F9006532F4 /* Main.storyboard */ = {
			isa = PBXVariantGroup;
			children = (
				6C1CEBC71BC5B5F9006532F4 /* Base */,
			);
			name = Main.storyboard;
			sourceTree = "<group>";
		};
		6C1CEBCB1BC5B5F9006532F4 /* LaunchScreen.xib */ = {
			isa = PBXVariantGroup;
			children = (
				6C1CEBCC1BC5B5F9006532F4 /* Base */,
			);
			name = LaunchScreen.xib;
			sourceTree = "<group>";
		};
/* End PBXVariantGroup section */

/* Begin XCBuildConfiguration section */
		6C1CEBDA1BC5B5F9006532F4 /* Debug */ = {
			isa = XCBuildConfiguration;
			buildSettings = {
				ALWAYS_SEARCH_USER_PATHS = NO;
				CLANG_CXX_LANGUAGE_STANDARD = "gnu++0x";
				CLANG_CXX_LIBRARY = "libc++";
				CLANG_ENABLE_MODULES = YES;
				CLANG_ENABLE_OBJC_ARC = YES;
				CLANG_WARN_BOOL_CONVERSION = YES;
				CLANG_WARN_CONSTANT_CONVERSION = YES;
				CLANG_WARN_DIRECT_OBJC_ISA_USAGE = YES_ERROR;
				CLANG_WARN_EMPTY_BODY = YES;
				CLANG_WARN_ENUM_CONVERSION = YES;
				CLANG_WARN_INT_CONVERSION = YES;
				CLANG_WARN_OBJC_ROOT_CLASS = YES_ERROR;
				CLANG_WARN_UNREACHABLE_CODE = YES;
				CLANG_WARN__DUPLICATE_METHOD_MATCH = YES;
				"CODE_SIGN_IDENTITY[sdk=iphoneos*]" = "iPhone Developer";
				COPY_PHASE_STRIP = NO;
				DEBUG_INFORMATION_FORMAT = "dwarf-with-dsym";
				ENABLE_STRICT_OBJC_MSGSEND = YES;
				GCC_C_LANGUAGE_STANDARD = gnu99;
				GCC_DYNAMIC_NO_PIC = NO;
				GCC_NO_COMMON_BLOCKS = YES;
				GCC_OPTIMIZATION_LEVEL = 0;
				GCC_PREPROCESSOR_DEFINITIONS = (
					"DEBUG=1",
					"$(inherited)",
				);
				GCC_SYMBOLS_PRIVATE_EXTERN = NO;
				GCC_WARN_64_TO_32_BIT_CONVERSION = YES;
				GCC_WARN_ABOUT_RETURN_TYPE = YES_ERROR;
				GCC_WARN_UNDECLARED_SELECTOR = YES;
				GCC_WARN_UNINITIALIZED_AUTOS = YES_AGGRESSIVE;
				GCC_WARN_UNUSED_FUNCTION = YES;
				GCC_WARN_UNUSED_VARIABLE = YES;
				IPHONEOS_DEPLOYMENT_TARGET = 8.4;
				MTL_ENABLE_DEBUG_INFO = YES;
				ONLY_ACTIVE_ARCH = YES;
				SDKROOT = iphoneos;
				SWIFT_OPTIMIZATION_LEVEL = "-Onone";
			};
			name = Debug;
		};
		6C1CEBDB1BC5B5F9006532F4 /* Release */ = {
			isa = XCBuildConfiguration;
			buildSettings = {
				ALWAYS_SEARCH_USER_PATHS = NO;
				CLANG_CXX_LANGUAGE_STANDARD = "gnu++0x";
				CLANG_CXX_LIBRARY = "libc++";
				CLANG_ENABLE_MODULES = YES;
				CLANG_ENABLE_OBJC_ARC = YES;
				CLANG_WARN_BOOL_CONVERSION = YES;
				CLANG_WARN_CONSTANT_CONVERSION = YES;
				CLANG_WARN_DIRECT_OBJC_ISA_USAGE = YES_ERROR;
				CLANG_WARN_EMPTY_BODY = YES;
				CLANG_WARN_ENUM_CONVERSION = YES;
				CLANG_WARN_INT_CONVERSION = YES;
				CLANG_WARN_OBJC_ROOT_CLASS = YES_ERROR;
				CLANG_WARN_UNREACHABLE_CODE = YES;
				CLANG_WARN__DUPLICATE_METHOD_MATCH = YES;
				"CODE_SIGN_IDENTITY[sdk=iphoneos*]" = "iPhone Developer";
				COPY_PHASE_STRIP = NO;
				DEBUG_INFORMATION_FORMAT = "dwarf-with-dsym";
				ENABLE_NS_ASSERTIONS = NO;
				ENABLE_STRICT_OBJC_MSGSEND = YES;
				GCC_C_LANGUAGE_STANDARD = gnu99;
				GCC_NO_COMMON_BLOCKS = YES;
				GCC_WARN_64_TO_32_BIT_CONVERSION = YES;
				GCC_WARN_ABOUT_RETURN_TYPE = YES_ERROR;
				GCC_WARN_UNDECLARED_SELECTOR = YES;
				GCC_WARN_UNINITIALIZED_AUTOS = YES_AGGRESSIVE;
				GCC_WARN_UNUSED_FUNCTION = YES;
				GCC_WARN_UNUSED_VARIABLE = YES;
				IPHONEOS_DEPLOYMENT_TARGET = 8.4;
				MTL_ENABLE_DEBUG_INFO = NO;
				SDKROOT = iphoneos;
				VALIDATE_PRODUCT = YES;
			};
			name = Release;
		};
		6C1CEBDD1BC5B5F9006532F4 /* Debug */ = {
			isa = XCBuildConfiguration;
			buildSettings = {
				ASSETCATALOG_COMPILER_APPICON_NAME = AppIcon;
				INFOPLIST_FILE = Stormy/Info.plist;
				LD_RUNPATH_SEARCH_PATHS = "$(inherited) @executable_path/Frameworks";
				PRODUCT_NAME = "$(TARGET_NAME)";
			};
			name = Debug;
		};
		6C1CEBDE1BC5B5F9006532F4 /* Release */ = {
			isa = XCBuildConfiguration;
			buildSettings = {
				ASSETCATALOG_COMPILER_APPICON_NAME = AppIcon;
				INFOPLIST_FILE = Stormy/Info.plist;
				LD_RUNPATH_SEARCH_PATHS = "$(inherited) @executable_path/Frameworks";
				PRODUCT_NAME = "$(TARGET_NAME)";
			};
			name = Release;
		};
		6C1CEBE01BC5B5F9006532F4 /* Debug */ = {
			isa = XCBuildConfiguration;
			buildSettings = {
				BUNDLE_LOADER = "$(TEST_HOST)";
				FRAMEWORK_SEARCH_PATHS = (
					"$(SDKROOT)/Developer/Library/Frameworks",
					"$(inherited)",
				);
				GCC_PREPROCESSOR_DEFINITIONS = (
					"DEBUG=1",
					"$(inherited)",
				);
				INFOPLIST_FILE = StormyTests/Info.plist;
				LD_RUNPATH_SEARCH_PATHS = "$(inherited) @executable_path/Frameworks @loader_path/Frameworks";
				PRODUCT_NAME = "$(TARGET_NAME)";
				TEST_HOST = "$(BUILT_PRODUCTS_DIR)/Stormy.app/Stormy";
			};
			name = Debug;
		};
		6C1CEBE11BC5B5F9006532F4 /* Release */ = {
			isa = XCBuildConfiguration;
			buildSettings = {
				BUNDLE_LOADER = "$(TEST_HOST)";
				FRAMEWORK_SEARCH_PATHS = (
					"$(SDKROOT)/Developer/Library/Frameworks",
					"$(inherited)",
				);
				INFOPLIST_FILE = StormyTests/Info.plist;
				LD_RUNPATH_SEARCH_PATHS = "$(inherited) @executable_path/Frameworks @loader_path/Frameworks";
				PRODUCT_NAME = "$(TARGET_NAME)";
				TEST_HOST = "$(BUILT_PRODUCTS_DIR)/Stormy.app/Stormy";
			};
			name = Release;
		};
/* End XCBuildConfiguration section */

/* Begin XCConfigurationList section */
		6C1CEBB81BC5B5F9006532F4 /* Build configuration list for PBXProject "Stormy" */ = {
			isa = XCConfigurationList;
			buildConfigurations = (
				6C1CEBDA1BC5B5F9006532F4 /* Debug */,
				6C1CEBDB1BC5B5F9006532F4 /* Release */,
			);
			defaultConfigurationIsVisible = 0;
			defaultConfigurationName = Release;
		};
		6C1CEBDC1BC5B5F9006532F4 /* Build configuration list for PBXNativeTarget "Stormy" */ = {
			isa = XCConfigurationList;
			buildConfigurations = (
				6C1CEBDD1BC5B5F9006532F4 /* Debug */,
				6C1CEBDE1BC5B5F9006532F4 /* Release */,
			);
			defaultConfigurationIsVisible = 0;
			defaultConfigurationName = Release;
		};
		6C1CEBDF1BC5B5F9006532F4 /* Build configuration list for PBXNativeTarget "StormyTests" */ = {
			isa = XCConfigurationList;
			buildConfigurations = (
				6C1CEBE01BC5B5F9006532F4 /* Debug */,
				6C1CEBE11BC5B5F9006532F4 /* Release */,
			);
			defaultConfigurationIsVisible = 0;
			defaultConfigurationName = Release;
		};
/* End XCConfigurationList section */
	};
	rootObject = 6C1CEBB51BC5B5F9006532F4 /* Project object */;
}
